
Microsoft Visual Studio Solution File, Format Version 12.00
# Visual Studio Version 16
VisualStudioVersion = 16.0.32901.82
MinimumVisualStudioVersion = 10.0.40219.1
Project("{FAE04EC0-301F-11D3-BF4B-00C04F79EFBC}") = "LabWork8-ex2", "LabWork8-ex2\LabWork8-ex2.csproj", "{86BF8A9B-03AA-4B07-9F43-2FB5022538D4}"
EndProject
Global
	GlobalSection(SolutionConfigurationPlatforms) = preSolution
		Debug|Any CPU = Debug|Any CPU
		Release|Any CPU = Release|Any CPU
	EndGlobalSection
	GlobalSection(ProjectConfigurationPlatforms) = postSolution
		{86BF8A9B-03AA-4B07-9F43-2FB5022538D4}.Debug|Any CPU.ActiveCfg = Debug|Any CPU
		{86BF8A9B-03AA-4B07-9F43-2FB5022538D4}.Debug|Any CPU.Build.0 = Debug|Any CPU
		{86BF8A9B-03AA-4B07-9F43-2FB5022538D4}.Release|Any CPU.ActiveCfg = Release|Any CPU
		{86BF8A9B-03AA-4B07-9F43-2FB5022538D4}.Release|Any CPU.Build.0 = Release|Any CPU
	EndGlobalSection
	GlobalSection(SolutionProperties) = preSolution
		HideSolutionNode = FALSE
	EndGlobalSection
	GlobalSection(ExtensibilityGlobals) = postSolution
		SolutionGuid = {7DED690F-D873-49CD-9E29-B20CBDA7E4B6}
	EndGlobalSection
EndGlobal
